
Microsoft Visual Studio Solution File, Format Version 12.00
# Visual Studio Version 17
VisualStudioVersion = 17.5.33424.131
MinimumVisualStudioVersion = 10.0.40219.1
Project("{9A19103F-16F7-4668-BE54-9A1E7A4F7556}") = "Api", "Viagem.Api\Api.csproj", "{DBA17104-5CD5-4BC1-9983-0CE23D44C90A}"
EndProject
Project("{9A19103F-16F7-4668-BE54-9A1E7A4F7556}") = "Domain", "Domain\Domain.csproj", "{1381A291-B17C-4917-94CB-9016C043FA36}"
EndProject
Project("{9A19103F-16F7-4668-BE54-9A1E7A4F7556}") = "Data", "Data\Data.csproj", "{313246EE-C8FA-4D3A-B82F-5252BCA99832}"
EndProject
Project("{9A19103F-16F7-4668-BE54-9A1E7A4F7556}") = "Services", "Services\Services.csproj", "{A141295C-D9D6-49B4-8F8A-00FA617D31AF}"
EndProject
Project("{FAE04EC0-301F-11D3-BF4B-00C04F79EFBC}") = "Security", "Security\Security.csproj", "{351811B4-8E53-4E08-8232-6B30F31A1F4D}"
EndProject
Global
	GlobalSection(SolutionConfigurationPlatforms) = preSolution
		Debug|Any CPU = Debug|Any CPU
		Release|Any CPU = Release|Any CPU
	EndGlobalSection
	GlobalSection(ProjectConfigurationPlatforms) = postSolution
		{DBA17104-5CD5-4BC1-9983-0CE23D44C90A}.Debug|Any CPU.ActiveCfg = Debug|Any CPU
		{DBA17104-5CD5-4BC1-9983-0CE23D44C90A}.Debug|Any CPU.Build.0 = Debug|Any CPU
		{DBA17104-5CD5-4BC1-9983-0CE23D44C90A}.Release|Any CPU.ActiveCfg = Release|Any CPU
		{DBA17104-5CD5-4BC1-9983-0CE23D44C90A}.Release|Any CPU.Build.0 = Release|Any CPU
		{1381A291-B17C-4917-94CB-9016C043FA36}.Debug|Any CPU.ActiveCfg = Debug|Any CPU
		{1381A291-B17C-4917-94CB-9016C043FA36}.Debug|Any CPU.Build.0 = Debug|Any CPU
		{1381A291-B17C-4917-94CB-9016C043FA36}.Release|Any CPU.ActiveCfg = Release|Any CPU
		{1381A291-B17C-4917-94CB-9016C043FA36}.Release|Any CPU.Build.0 = Release|Any CPU
		{313246EE-C8FA-4D3A-B82F-5252BCA99832}.Debug|Any CPU.ActiveCfg = Debug|Any CPU
		{313246EE-C8FA-4D3A-B82F-5252BCA99832}.Debug|Any CPU.Build.0 = Debug|Any CPU
		{313246EE-C8FA-4D3A-B82F-5252BCA99832}.Release|Any CPU.ActiveCfg = Release|Any CPU
		{313246EE-C8FA-4D3A-B82F-5252BCA99832}.Release|Any CPU.Build.0 = Release|Any CPU
		{A141295C-D9D6-49B4-8F8A-00FA617D31AF}.Debug|Any CPU.ActiveCfg = Debug|Any CPU
		{A141295C-D9D6-49B4-8F8A-00FA617D31AF}.Debug|Any CPU.Build.0 = Debug|Any CPU
		{A141295C-D9D6-49B4-8F8A-00FA617D31AF}.Release|Any CPU.ActiveCfg = Release|Any CPU
		{A141295C-D9D6-49B4-8F8A-00FA617D31AF}.Release|Any CPU.Build.0 = Release|Any CPU
		{351811B4-8E53-4E08-8232-6B30F31A1F4D}.Debug|Any CPU.ActiveCfg = Debug|Any CPU
		{351811B4-8E53-4E08-8232-6B30F31A1F4D}.Debug|Any CPU.Build.0 = Debug|Any CPU
		{351811B4-8E53-4E08-8232-6B30F31A1F4D}.Release|Any CPU.ActiveCfg = Release|Any CPU
		{351811B4-8E53-4E08-8232-6B30F31A1F4D}.Release|Any CPU.Build.0 = Release|Any CPU
	EndGlobalSection
	GlobalSection(SolutionProperties) = preSolution
		HideSolutionNode = FALSE
	EndGlobalSection
	GlobalSection(ExtensibilityGlobals) = postSolution
		SolutionGuid = {16BFC531-6F8A-46D5-8BC1-9A7A1822A73E}
	EndGlobalSection
EndGlobal
